
Microsoft Visual Studio Solution File, Format Version 12.00
# Visual Studio Version 18
VisualStudioVersion = 18.0.11205.157
MinimumVisualStudioVersion = 10.0.40219.1
Project("{FAE04EC0-301F-11D3-BF4B-00C04F79EFBC}") = "VitallyMcp", "VitallyMcp\VitallyMcp.csproj", "{D8EADE79-A1DC-465F-90DA-7AF1D2BE6143}"
EndProject
Project("{FAE04EC0-301F-11D3-BF4B-00C04F79EFBC}") = "VitallyMcp.Tests", "VitallyMcp.Tests\VitallyMcp.Tests.csproj", "{F76E479A-6A22-0649-D13F-9D7705730503}"
EndProject
Project("{2150E333-8FDC-42A3-9474-1A3956D46DE8}") = "Scripts", "Scripts", "{D71A076D-D827-4624-A919-45DC172E36BD}"
	ProjectSection(SolutionItems) = preProject
		Scripts\build-all.ps1 = Scripts\build-all.ps1
		Scripts\build-mcpb.ps1 = Scripts\build-mcpb.ps1
		Scripts\build-standalone.ps1 = Scripts\build-standalone.ps1
		Scripts\bump-version.ps1 = Scripts\bump-version.ps1
	EndProjectSection
EndProject
Global
	GlobalSection(SolutionConfigurationPlatforms) = preSolution
		Debug|Any CPU = Debug|Any CPU
		Release|Any CPU = Release|Any CPU
	EndGlobalSection
	GlobalSection(ProjectConfigurationPlatforms) = postSolution
		{D8EADE79-A1DC-465F-90DA-7AF1D2BE6143}.Debug|Any CPU.ActiveCfg = Debug|Any CPU
		{D8EADE79-A1DC-465F-90DA-7AF1D2BE6143}.Debug|Any CPU.Build.0 = Debug|Any CPU
		{D8EADE79-A1DC-465F-90DA-7AF1D2BE6143}.Release|Any CPU.ActiveCfg = Release|Any CPU
		{D8EADE79-A1DC-465F-90DA-7AF1D2BE6143}.Release|Any CPU.Build.0 = Release|Any CPU
		{F76E479A-6A22-0649-D13F-9D7705730503}.Debug|Any CPU.ActiveCfg = Debug|Any CPU
		{F76E479A-6A22-0649-D13F-9D7705730503}.Debug|Any CPU.Build.0 = Debug|Any CPU
		{F76E479A-6A22-0649-D13F-9D7705730503}.Release|Any CPU.ActiveCfg = Release|Any CPU
		{F76E479A-6A22-0649-D13F-9D7705730503}.Release|Any CPU.Build.0 = Release|Any CPU
	EndGlobalSection
	GlobalSection(SolutionProperties) = preSolution
		HideSolutionNode = FALSE
	EndGlobalSection
	GlobalSection(ExtensibilityGlobals) = postSolution
		SolutionGuid = {E7BE445F-9AA1-454D-AC94-66884546E0F3}
	EndGlobalSection
EndGlobal
